
Microsoft Visual Studio Solution File, Format Version 12.00
# Visual Studio Version 16
VisualStudioVersion = 16.0.29318.209
MinimumVisualStudioVersion = 10.0.40219.1
Project("{FAE04EC0-301F-11D3-BF4B-00C04F79EFBC}") = "RosarioWeb", "RosarioWeb.csproj", "{EDFC64BF-38FE-4F9A-97CA-C7ABBD687791}"
EndProject
Global
	GlobalSection(SolutionConfigurationPlatforms) = preSolution
		Debug|Any CPU = Debug|Any CPU
		Release|Any CPU = Release|Any CPU
	EndGlobalSection
	GlobalSection(ProjectConfigurationPlatforms) = postSolution
		{EDFC64BF-38FE-4F9A-97CA-C7ABBD687791}.Debug|Any CPU.ActiveCfg = Debug|Any CPU
		{EDFC64BF-38FE-4F9A-97CA-C7ABBD687791}.Debug|Any CPU.Build.0 = Debug|Any CPU
		{EDFC64BF-38FE-4F9A-97CA-C7ABBD687791}.Release|Any CPU.ActiveCfg = Release|Any CPU
		{EDFC64BF-38FE-4F9A-97CA-C7ABBD687791}.Release|Any CPU.Build.0 = Release|Any CPU
	EndGlobalSection
	GlobalSection(SolutionProperties) = preSolution
		HideSolutionNode = FALSE
	EndGlobalSection
	GlobalSection(ExtensibilityGlobals) = postSolution
		SolutionGuid = {7DCC8B07-CDAB-4E96-8BC1-903CEDACAE75}
	EndGlobalSection
EndGlobal
